
Microsoft Visual Studio Solution File, Format Version 12.00
# Visual Studio Version 17
VisualStudioVersion = 17.11.35312.102
MinimumVisualStudioVersion = 10.0.40219.1
Project("{FAE04EC0-301F-11D3-BF4B-00C04F79EFBC}") = "orai_munka_2.feladat", "orai_munka_2.feladat.csproj", "{C3E0F62D-1FBB-471E-982F-09774A74A0D9}"
EndProject
Global
	GlobalSection(SolutionConfigurationPlatforms) = preSolution
		Debug|Any CPU = Debug|Any CPU
		Release|Any CPU = Release|Any CPU
	EndGlobalSection
	GlobalSection(ProjectConfigurationPlatforms) = postSolution
		{C3E0F62D-1FBB-471E-982F-09774A74A0D9}.Debug|Any CPU.ActiveCfg = Debug|Any CPU
		{C3E0F62D-1FBB-471E-982F-09774A74A0D9}.Debug|Any CPU.Build.0 = Debug|Any CPU
		{C3E0F62D-1FBB-471E-982F-09774A74A0D9}.Release|Any CPU.ActiveCfg = Release|Any CPU
		{C3E0F62D-1FBB-471E-982F-09774A74A0D9}.Release|Any CPU.Build.0 = Release|Any CPU
	EndGlobalSection
	GlobalSection(SolutionProperties) = preSolution
		HideSolutionNode = FALSE
	EndGlobalSection
	GlobalSection(ExtensibilityGlobals) = postSolution
		SolutionGuid = {750BFD86-717B-48A0-8B96-239D74358F94}
	EndGlobalSection
EndGlobal
